
Microsoft Visual Studio Solution File, Format Version 12.00
# Visual Studio Version 17
VisualStudioVersion = 17.0.31903.59
MinimumVisualStudioVersion = 10.0.40219.1
Project("{2150E333-8FDC-42A3-9474-1A3956D46DE8}") = "src", "src", "{4552A7EA-4540-4BC7-8A13-2E054CFFA092}"
EndProject
Project("{FAE04EC0-301F-11D3-BF4B-00C04F79EFBC}") = "HackTnc.Core", "src\HackTnc.Core\HackTnc.Core.csproj", "{1D798B62-8FF6-440E-A9CB-5EB2EC2D8AD8}"
EndProject
Project("{FAE04EC0-301F-11D3-BF4B-00C04F79EFBC}") = "HackTnc.Console", "src\HackTnc.Console\HackTnc.Console.csproj", "{F7C10041-AE1F-4766-AAC5-E113B84C1B31}"
EndProject
Project("{FAE04EC0-301F-11D3-BF4B-00C04F79EFBC}") = "HackTnc.Gui", "src\HackTnc.Gui\HackTnc.Gui.csproj", "{FB343596-25E9-4BB4-AC45-1A0F5E084191}"
EndProject
Project("{FAE04EC0-301F-11D3-BF4B-00C04F79EFBC}") = "HackTnc.Loopback", "loopback\HackTnc.Loopback.csproj", "{07F64AE0-1C2A-4D74-AE70-425C9BAACC89}"
EndProject
Global
	GlobalSection(SolutionConfigurationPlatforms) = preSolution
		Debug|Any CPU = Debug|Any CPU
		Release|Any CPU = Release|Any CPU
	EndGlobalSection
	GlobalSection(SolutionProperties) = preSolution
		HideSolutionNode = FALSE
	EndGlobalSection
	GlobalSection(ProjectConfigurationPlatforms) = postSolution
		{1D798B62-8FF6-440E-A9CB-5EB2EC2D8AD8}.Debug|Any CPU.ActiveCfg = Debug|Any CPU
		{1D798B62-8FF6-440E-A9CB-5EB2EC2D8AD8}.Debug|Any CPU.Build.0 = Debug|Any CPU
		{1D798B62-8FF6-440E-A9CB-5EB2EC2D8AD8}.Release|Any CPU.ActiveCfg = Release|Any CPU
		{1D798B62-8FF6-440E-A9CB-5EB2EC2D8AD8}.Release|Any CPU.Build.0 = Release|Any CPU
		{F7C10041-AE1F-4766-AAC5-E113B84C1B31}.Debug|Any CPU.ActiveCfg = Debug|Any CPU
		{F7C10041-AE1F-4766-AAC5-E113B84C1B31}.Debug|Any CPU.Build.0 = Debug|Any CPU
		{F7C10041-AE1F-4766-AAC5-E113B84C1B31}.Release|Any CPU.ActiveCfg = Release|Any CPU
		{F7C10041-AE1F-4766-AAC5-E113B84C1B31}.Release|Any CPU.Build.0 = Release|Any CPU
		{FB343596-25E9-4BB4-AC45-1A0F5E084191}.Debug|Any CPU.ActiveCfg = Debug|Any CPU
		{FB343596-25E9-4BB4-AC45-1A0F5E084191}.Debug|Any CPU.Build.0 = Debug|Any CPU
		{FB343596-25E9-4BB4-AC45-1A0F5E084191}.Release|Any CPU.ActiveCfg = Release|Any CPU
		{FB343596-25E9-4BB4-AC45-1A0F5E084191}.Release|Any CPU.Build.0 = Release|Any CPU
		{07F64AE0-1C2A-4D74-AE70-425C9BAACC89}.Debug|Any CPU.ActiveCfg = Debug|Any CPU
		{07F64AE0-1C2A-4D74-AE70-425C9BAACC89}.Debug|Any CPU.Build.0 = Debug|Any CPU
		{07F64AE0-1C2A-4D74-AE70-425C9BAACC89}.Release|Any CPU.ActiveCfg = Release|Any CPU
		{07F64AE0-1C2A-4D74-AE70-425C9BAACC89}.Release|Any CPU.Build.0 = Release|Any CPU
	EndGlobalSection
	GlobalSection(NestedProjects) = preSolution
		{1D798B62-8FF6-440E-A9CB-5EB2EC2D8AD8} = {4552A7EA-4540-4BC7-8A13-2E054CFFA092}
		{F7C10041-AE1F-4766-AAC5-E113B84C1B31} = {4552A7EA-4540-4BC7-8A13-2E054CFFA092}
		{FB343596-25E9-4BB4-AC45-1A0F5E084191} = {4552A7EA-4540-4BC7-8A13-2E054CFFA092}
	EndGlobalSection
EndGlobal
